
Microsoft Visual Studio Solution File, Format Version 12.00
# Visual Studio Version 16
VisualStudioVersion = 16.0.30002.166
MinimumVisualStudioVersion = 10.0.40219.1
Project("{FAE04EC0-301F-11D3-BF4B-00C04F79EFBC}") = "Template", "Template\Template.csproj", "{44C3AC8D-1268-4908-BED8-C9789F63C4DA}"
EndProject
Project("{FAE04EC0-301F-11D3-BF4B-00C04F79EFBC}") = "Template.DataAccess", "Template.DataAccess\Template.DataAccess.csproj", "{FB0ADE20-8EF9-498F-AFED-697BBA28DD02}"
EndProject
Project("{FAE04EC0-301F-11D3-BF4B-00C04F79EFBC}") = "Template.Models", "Template.Models\Template.Models.csproj", "{EDB5406E-1669-40CB-8A69-DA0ACA7DB63E}"
EndProject
Global
	GlobalSection(SolutionConfigurationPlatforms) = preSolution
		Debug|Any CPU = Debug|Any CPU
		Release|Any CPU = Release|Any CPU
	EndGlobalSection
	GlobalSection(ProjectConfigurationPlatforms) = postSolution
		{44C3AC8D-1268-4908-BED8-C9789F63C4DA}.Debug|Any CPU.ActiveCfg = Debug|Any CPU
		{44C3AC8D-1268-4908-BED8-C9789F63C4DA}.Debug|Any CPU.Build.0 = Debug|Any CPU
		{44C3AC8D-1268-4908-BED8-C9789F63C4DA}.Release|Any CPU.ActiveCfg = Release|Any CPU
		{44C3AC8D-1268-4908-BED8-C9789F63C4DA}.Release|Any CPU.Build.0 = Release|Any CPU
		{FB0ADE20-8EF9-498F-AFED-697BBA28DD02}.Debug|Any CPU.ActiveCfg = Debug|Any CPU
		{FB0ADE20-8EF9-498F-AFED-697BBA28DD02}.Debug|Any CPU.Build.0 = Debug|Any CPU
		{FB0ADE20-8EF9-498F-AFED-697BBA28DD02}.Release|Any CPU.ActiveCfg = Release|Any CPU
		{FB0ADE20-8EF9-498F-AFED-697BBA28DD02}.Release|Any CPU.Build.0 = Release|Any CPU
		{EDB5406E-1669-40CB-8A69-DA0ACA7DB63E}.Debug|Any CPU.ActiveCfg = Debug|Any CPU
		{EDB5406E-1669-40CB-8A69-DA0ACA7DB63E}.Debug|Any CPU.Build.0 = Debug|Any CPU
		{EDB5406E-1669-40CB-8A69-DA0ACA7DB63E}.Release|Any CPU.ActiveCfg = Release|Any CPU
		{EDB5406E-1669-40CB-8A69-DA0ACA7DB63E}.Release|Any CPU.Build.0 = Release|Any CPU
	EndGlobalSection
	GlobalSection(SolutionProperties) = preSolution
		HideSolutionNode = FALSE
	EndGlobalSection
	GlobalSection(ExtensibilityGlobals) = postSolution
		SolutionGuid = {C00AD593-9E63-4305-B1B1-F1D772E19FB6}
	EndGlobalSection
EndGlobal
